// !$*UTF8*$!
{
	archiveVersion = 1;
	classes = {
	};
	objectVersion = 52;
	objects = {

/* Begin PBXBuildFile section */
		F48108252488396E00AE2FDA /* Interpreter.swift in Sources */ = {isa = PBXBuildFile; fileRef = F48108242488396E00AE2FDA /* Interpreter.swift */; };
		F48108272488398200AE2FDA /* Instruction.swift in Sources */ = {isa = PBXBuildFile; fileRef = F48108262488398200AE2FDA /* Instruction.swift */; };
		F481082924883B2900AE2FDA /* VirtualMachine.swift in Sources */ = {isa = PBXBuildFile; fileRef = F481082824883B2900AE2FDA /* VirtualMachine.swift */; };
		F481083824896F9900AE2FDA /* ArithmeticBaseListener.swift in Sources */ = {isa = PBXBuildFile; fileRef = F481082E24896F9900AE2FDA /* ArithmeticBaseListener.swift */; };
		F481083A24896F9900AE2FDA /* ArithmeticLexerATN.swift in Sources */ = {isa = PBXBuildFile; fileRef = F481083024896F9900AE2FDA /* ArithmeticLexerATN.swift */; };
		F481083B24896F9900AE2FDA /* ArithmeticLexer.swift in Sources */ = {isa = PBXBuildFile; fileRef = F481083124896F9900AE2FDA /* ArithmeticLexer.swift */; };
		F481083C24896F9900AE2FDA /* ArithmeticParserATN.swift in Sources */ = {isa = PBXBuildFile; fileRef = F481083224896F9900AE2FDA /* ArithmeticParserATN.swift */; };
		F481083E24896F9900AE2FDA /* ArithmeticListener.swift in Sources */ = {isa = PBXBuildFile; fileRef = F481083424896F9900AE2FDA /* ArithmeticListener.swift */; };
		F481083F24896F9900AE2FDA /* ArithmeticParser.swift in Sources */ = {isa = PBXBuildFile; fileRef = F481083524896F9900AE2FDA /* ArithmeticParser.swift */; };
		F4810843248AEB2300AE2FDA /* ArithmeticParserWrapper.swift in Sources */ = {isa = PBXBuildFile; fileRef = F4810842248AEB2300AE2FDA /* ArithmeticParserWrapper.swift */; };
		F4810847248C098300AE2FDA /* RuntimeError.swift in Sources */ = {isa = PBXBuildFile; fileRef = F4810846248C098300AE2FDA /* RuntimeError.swift */; };
		F48E45D42480FBF0008D58C3 /* Antlr4 in Frameworks */ = {isa = PBXBuildFile; productRef = F48E45D32480FBF0008D58C3 /* Antlr4 */; };
		F48E45D52480FBF0008D58C3 /* Antlr4 in Embed Frameworks */ = {isa = PBXBuildFile; productRef = F48E45D32480FBF0008D58C3 /* Antlr4 */; settings = {ATTRIBUTES = (CodeSignOnCopy, ); }; };
		F49EF1FE247E13AC0001F968 /* AppDelegate.swift in Sources */ = {isa = PBXBuildFile; fileRef = F49EF1FD247E13AC0001F968 /* AppDelegate.swift */; };
		F49EF200247E13AC0001F968 /* SceneDelegate.swift in Sources */ = {isa = PBXBuildFile; fileRef = F49EF1FF247E13AC0001F968 /* SceneDelegate.swift */; };
		F49EF202247E13AC0001F968 /* ContentView.swift in Sources */ = {isa = PBXBuildFile; fileRef = F49EF201247E13AC0001F968 /* ContentView.swift */; };
		F49EF204247E13AF0001F968 /* Assets.xcassets in Resources */ = {isa = PBXBuildFile; fileRef = F49EF203247E13AF0001F968 /* Assets.xcassets */; };
		F49EF207247E13AF0001F968 /* Preview Assets.xcassets in Resources */ = {isa = PBXBuildFile; fileRef = F49EF206247E13AF0001F968 /* Preview Assets.xcassets */; };
		F49EF20A247E13AF0001F968 /* LaunchScreen.storyboard in Resources */ = {isa = PBXBuildFile; fileRef = F49EF208247E13AF0001F968 /* LaunchScreen.storyboard */; };
		F49EF215247E13B00001F968 /* CalculatorTests.swift in Sources */ = {isa = PBXBuildFile; fileRef = F49EF214247E13B00001F968 /* CalculatorTests.swift */; };
		F49EF220247E16780001F968 /* KeyboardView.swift in Sources */ = {isa = PBXBuildFile; fileRef = F49EF21F247E16780001F968 /* KeyboardView.swift */; };
		F49EF223247FA40C0001F968 /* Grid.swift in Sources */ = {isa = PBXBuildFile; fileRef = F49EF222247FA40C0001F968 /* Grid.swift */; };
		F49EF225247FAE670001F968 /* KeyboardStream.swift in Sources */ = {isa = PBXBuildFile; fileRef = F49EF224247FAE670001F968 /* KeyboardStream.swift */; };
/* End PBXBuildFile section */

/* Begin PBXContainerItemProxy section */
		F49EF211247E13B00001F968 /* PBXContainerItemProxy */ = {
			isa = PBXContainerItemProxy;
			containerPortal = F49EF1F2247E13AC0001F968 /* Project object */;
			proxyType = 1;
			remoteGlobalIDString = F49EF1F9247E13AC0001F968;
			remoteInfo = Calculator;
		};
/* End PBXContainerItemProxy section */

/* Begin PBXCopyFilesBuildPhase section */
		F48E45D62480FBF0008D58C3 /* Embed Frameworks */ = {
			isa = PBXCopyFilesBuildPhase;
			buildActionMask = 2147483647;
			dstPath = "";
			dstSubfolderSpec = 10;
			files = (
				F48E45D52480FBF0008D58C3 /* Antlr4 in Embed Frameworks */,
			);
			name = "Embed Frameworks";
			runOnlyForDeploymentPostprocessing = 0;
		};
/* End PBXCopyFilesBuildPhase section */

/* Begin PBXFileReference section */
		F48108242488396E00AE2FDA /* Interpreter.swift */ = {isa = PBXFileReference; lastKnownFileType = sourcecode.swift; path = Interpreter.swift; sourceTree = "<group>"; };
		F48108262488398200AE2FDA /* Instruction.swift */ = {isa = PBXFileReference; lastKnownFileType = sourcecode.swift; path = Instruction.swift; sourceTree = "<group>"; };
		F481082824883B2900AE2FDA /* VirtualMachine.swift */ = {isa = PBXFileReference; lastKnownFileType = sourcecode.swift; path = VirtualMachine.swift; sourceTree = "<group>"; };
		F481082E24896F9900AE2FDA /* ArithmeticBaseListener.swift */ = {isa = PBXFileReference; fileEncoding = 4; lastKnownFileType = sourcecode.swift; path = ArithmeticBaseListener.swift; sourceTree = "<group>"; };
		F481083024896F9900AE2FDA /* ArithmeticLexerATN.swift */ = {isa = PBXFileReference; fileEncoding = 4; lastKnownFileType = sourcecode.swift; path = ArithmeticLexerATN.swift; sourceTree = "<group>"; };
		F481083124896F9900AE2FDA /* ArithmeticLexer.swift */ = {isa = PBXFileReference; fileEncoding = 4; lastKnownFileType = sourcecode.swift; path = ArithmeticLexer.swift; sourceTree = "<group>"; };
		F481083224896F9900AE2FDA /* ArithmeticParserATN.swift */ = {isa = PBXFileReference; fileEncoding = 4; lastKnownFileType = sourcecode.swift; path = ArithmeticParserATN.swift; sourceTree = "<group>"; };
		F481083424896F9900AE2FDA /* ArithmeticListener.swift */ = {isa = PBXFileReference; fileEncoding = 4; lastKnownFileType = sourcecode.swift; path = ArithmeticListener.swift; sourceTree = "<group>"; };
		F481083524896F9900AE2FDA /* ArithmeticParser.swift */ = {isa = PBXFileReference; fileEncoding = 4; lastKnownFileType = sourcecode.swift; path = ArithmeticParser.swift; sourceTree = "<group>"; };
		F4810842248AEB2300AE2FDA /* ArithmeticParserWrapper.swift */ = {isa = PBXFileReference; lastKnownFileType = sourcecode.swift; path = ArithmeticParserWrapper.swift; sourceTree = "<group>"; };
		F4810846248C098300AE2FDA /* RuntimeError.swift */ = {isa = PBXFileReference; lastKnownFileType = sourcecode.swift; path = RuntimeError.swift; sourceTree = "<group>"; };
		F48E45EA2483E70D008D58C3 /* Arithmetic.g4 */ = {isa = PBXFileReference; fileEncoding = 4; lastKnownFileType = text; path = Arithmetic.g4; sourceTree = "<group>"; };
		F49EF1FA247E13AC0001F968 /* Calculator.app */ = {isa = PBXFileReference; explicitFileType = wrapper.application; includeInIndex = 0; path = Calculator.app; sourceTree = BUILT_PRODUCTS_DIR; };
		F49EF1FD247E13AC0001F968 /* AppDelegate.swift */ = {isa = PBXFileReference; lastKnownFileType = sourcecode.swift; path = AppDelegate.swift; sourceTree = "<group>"; };
		F49EF1FF247E13AC0001F968 /* SceneDelegate.swift */ = {isa = PBXFileReference; lastKnownFileType = sourcecode.swift; path = SceneDelegate.swift; sourceTree = "<group>"; };
		F49EF201247E13AC0001F968 /* ContentView.swift */ = {isa = PBXFileReference; lastKnownFileType = sourcecode.swift; path = ContentView.swift; sourceTree = "<group>"; };
		F49EF203247E13AF0001F968 /* Assets.xcassets */ = {isa = PBXFileReference; lastKnownFileType = folder.assetcatalog; path = Assets.xcassets; sourceTree = "<group>"; };
		F49EF206247E13AF0001F968 /* Preview Assets.xcassets */ = {isa = PBXFileReference; lastKnownFileType = folder.assetcatalog; path = "Preview Assets.xcassets"; sourceTree = "<group>"; };
		F49EF209247E13AF0001F968 /* Base */ = {isa = PBXFileReference; lastKnownFileType = file.storyboard; name = Base; path = Base.lproj/LaunchScreen.storyboard; sourceTree = "<group>"; };
		F49EF20B247E13AF0001F968 /* Info.plist */ = {isa = PBXFileReference; lastKnownFileType = text.plist.xml; path = Info.plist; sourceTree = "<group>"; };
		F49EF210247E13B00001F968 /* CalculatorTests.xctest */ = {isa = PBXFileReference; explicitFileType = wrapper.cfbundle; includeInIndex = 0; path = CalculatorTests.xctest; sourceTree = BUILT_PRODUCTS_DIR; };
		F49EF214247E13B00001F968 /* CalculatorTests.swift */ = {isa = PBXFileReference; lastKnownFileType = sourcecode.swift; path = CalculatorTests.swift; sourceTree = "<group>"; };
		F49EF216247E13B00001F968 /* Info.plist */ = {isa = PBXFileReference; lastKnownFileType = text.plist.xml; path = Info.plist; sourceTree = "<group>"; };
		F49EF21F247E16780001F968 /* KeyboardView.swift */ = {isa = PBXFileReference; lastKnownFileType = sourcecode.swift; path = KeyboardView.swift; sourceTree = "<group>"; };
		F49EF222247FA40C0001F968 /* Grid.swift */ = {isa = PBXFileReference; lastKnownFileType = sourcecode.swift; path = Grid.swift; sourceTree = "<group>"; };
		F49EF224247FAE670001F968 /* KeyboardStream.swift */ = {isa = PBXFileReference; lastKnownFileType = sourcecode.swift; path = KeyboardStream.swift; sourceTree = "<group>"; };
/* End PBXFileReference section */

/* Begin PBXFrameworksBuildPhase section */
		F49EF1F7247E13AC0001F968 /* Frameworks */ = {
			isa = PBXFrameworksBuildPhase;
			buildActionMask = 2147483647;
			files = (
				F48E45D42480FBF0008D58C3 /* Antlr4 in Frameworks */,
			);
			runOnlyForDeploymentPostprocessing = 0;
		};
		F49EF20D247E13B00001F968 /* Frameworks */ = {
			isa = PBXFrameworksBuildPhase;
			buildActionMask = 2147483647;
			files = (
			);
			runOnlyForDeploymentPostprocessing = 0;
		};
/* End PBXFrameworksBuildPhase section */

/* Begin PBXGroup section */
		F48108232488394800AE2FDA /* Interpreter */ = {
			isa = PBXGroup;
			children = (
				F48108242488396E00AE2FDA /* Interpreter.swift */,
				F48108262488398200AE2FDA /* Instruction.swift */,
				F481082824883B2900AE2FDA /* VirtualMachine.swift */,
				F4810842248AEB2300AE2FDA /* ArithmeticParserWrapper.swift */,
				F4810846248C098300AE2FDA /* RuntimeError.swift */,
			);
			path = Interpreter;
			sourceTree = "<group>";
		};
		F48E45D72483E306008D58C3 /* Grammar */ = {
			isa = PBXGroup;
			children = (
				F48E45EA2483E70D008D58C3 /* Arithmetic.g4 */,
				F48E45EB2483E70D008D58C3 /* Autogen */,
			);
			path = Grammar;
			sourceTree = "<group>";
		};
		F48E45EB2483E70D008D58C3 /* Autogen */ = {
			isa = PBXGroup;
			children = (
				F481082E24896F9900AE2FDA /* ArithmeticBaseListener.swift */,
				F481083124896F9900AE2FDA /* ArithmeticLexer.swift */,
				F481083024896F9900AE2FDA /* ArithmeticLexerATN.swift */,
				F481083424896F9900AE2FDA /* ArithmeticListener.swift */,
				F481083524896F9900AE2FDA /* ArithmeticParser.swift */,
				F481083224896F9900AE2FDA /* ArithmeticParserATN.swift */,
			);
			path = Autogen;
			sourceTree = "<group>";
		};
		F49EF1F1247E13AC0001F968 = {
			isa = PBXGroup;
			children = (
				F49EF1FC247E13AC0001F968 /* Calculator */,
				F49EF213247E13B00001F968 /* CalculatorTests */,
				F49EF1FB247E13AC0001F968 /* Products */,
			);
			sourceTree = "<group>";
		};
		F49EF1FB247E13AC0001F968 /* Products */ = {
			isa = PBXGroup;
			children = (
				F49EF1FA247E13AC0001F968 /* Calculator.app */,
				F49EF210247E13B00001F968 /* CalculatorTests.xctest */,
			);
			name = Products;
			sourceTree = "<group>";
		};
		F49EF1FC247E13AC0001F968 /* Calculator */ = {
			isa = PBXGroup;
			children = (
				F48E45D72483E306008D58C3 /* Grammar */,
				F49EF221247FA3D20001F968 /* Keyboard */,
				F48108232488394800AE2FDA /* Interpreter */,
				F49EF1FD247E13AC0001F968 /* AppDelegate.swift */,
				F49EF1FF247E13AC0001F968 /* SceneDelegate.swift */,
				F49EF201247E13AC0001F968 /* ContentView.swift */,
				F49EF203247E13AF0001F968 /* Assets.xcassets */,
				F49EF208247E13AF0001F968 /* LaunchScreen.storyboard */,
				F49EF20B247E13AF0001F968 /* Info.plist */,
				F49EF205247E13AF0001F968 /* Preview Content */,
			);
			path = Calculator;
			sourceTree = "<group>";
		};
		F49EF205247E13AF0001F968 /* Preview Content */ = {
			isa = PBXGroup;
			children = (
				F49EF206247E13AF0001F968 /* Preview Assets.xcassets */,
			);
			path = "Preview Content";
			sourceTree = "<group>";
		};
		F49EF213247E13B00001F968 /* CalculatorTests */ = {
			isa = PBXGroup;
			children = (
				F49EF214247E13B00001F968 /* CalculatorTests.swift */,
				F49EF216247E13B00001F968 /* Info.plist */,
			);
			path = CalculatorTests;
			sourceTree = "<group>";
		};
		F49EF221247FA3D20001F968 /* Keyboard */ = {
			isa = PBXGroup;
			children = (
				F49EF21F247E16780001F968 /* KeyboardView.swift */,
				F49EF222247FA40C0001F968 /* Grid.swift */,
				F49EF224247FAE670001F968 /* KeyboardStream.swift */,
			);
			path = Keyboard;
			sourceTree = "<group>";
		};
/* End PBXGroup section */

/* Begin PBXNativeTarget section */
		F49EF1F9247E13AC0001F968 /* Calculator */ = {
			isa = PBXNativeTarget;
			buildConfigurationList = F49EF219247E13B00001F968 /* Build configuration list for PBXNativeTarget "Calculator" */;
			buildPhases = (
				F49EF1F6247E13AC0001F968 /* Sources */,
				F49EF1F7247E13AC0001F968 /* Frameworks */,
				F49EF1F8247E13AC0001F968 /* Resources */,
				F48E45D62480FBF0008D58C3 /* Embed Frameworks */,
			);
			buildRules = (
			);
			dependencies = (
			);
			name = Calculator;
			packageProductDependencies = (
				F48E45D32480FBF0008D58C3 /* Antlr4 */,
			);
			productName = Calculator;
			productReference = F49EF1FA247E13AC0001F968 /* Calculator.app */;
			productType = "com.apple.product-type.application";
		};
		F49EF20F247E13B00001F968 /* CalculatorTests */ = {
			isa = PBXNativeTarget;
			buildConfigurationList = F49EF21C247E13B00001F968 /* Build configuration list for PBXNativeTarget "CalculatorTests" */;
			buildPhases = (
				F49EF20C247E13B00001F968 /* Sources */,
				F49EF20D247E13B00001F968 /* Frameworks */,
				F49EF20E247E13B00001F968 /* Resources */,
			);
			buildRules = (
			);
			dependencies = (
				F49EF212247E13B00001F968 /* PBXTargetDependency */,
			);
			name = CalculatorTests;
			productName = CalculatorTests;
			productReference = F49EF210247E13B00001F968 /* CalculatorTests.xctest */;
			productType = "com.apple.product-type.bundle.unit-test";
		};
/* End PBXNativeTarget section */

/* Begin PBXProject section */
		F49EF1F2247E13AC0001F968 /* Project object */ = {
			isa = PBXProject;
			attributes = {
				LastSwiftUpdateCheck = 1150;
				LastUpgradeCheck = 1150;
				ORGANIZATIONNAME = "Dmytro Anokhin";
				TargetAttributes = {
					F49EF1F9247E13AC0001F968 = {
						CreatedOnToolsVersion = 11.5;
					};
					F49EF20F247E13B00001F968 = {
						CreatedOnToolsVersion = 11.5;
						TestTargetID = F49EF1F9247E13AC0001F968;
					};
				};
			};
			buildConfigurationList = F49EF1F5247E13AC0001F968 /* Build configuration list for PBXProject "Calculator" */;
			compatibilityVersion = "Xcode 9.3";
			developmentRegion = en;
			hasScannedForEncodings = 0;
			knownRegions = (
				en,
				Base,
			);
			mainGroup = F49EF1F1247E13AC0001F968;
			packageReferences = (
				F48E45D22480FBF0008D58C3 /* XCRemoteSwiftPackageReference "Antlr4" */,
			);
			productRefGroup = F49EF1FB247E13AC0001F968 /* Products */;
			projectDirPath = "";
			projectRoot = "";
			targets = (
				F49EF1F9247E13AC0001F968 /* Calculator */,
				F49EF20F247E13B00001F968 /* CalculatorTests */,
			);
		};
/* End PBXProject section */

/* Begin PBXResourcesBuildPhase section */
		F49EF1F8247E13AC0001F968 /* Resources */ = {
			isa = PBXResourcesBuildPhase;
			buildActionMask = 2147483647;
			files = (
				F49EF20A247E13AF0001F968 /* LaunchScreen.storyboard in Resources */,
				F49EF207247E13AF0001F968 /* Preview Assets.xcassets in Resources */,
				F49EF204247E13AF0001F968 /* Assets.xcassets in Resources */,
			);
			runOnlyForDeploymentPostprocessing = 0;
		};
		F49EF20E247E13B00001F968 /* Resources */ = {
			isa = PBXResourcesBuildPhase;
			buildActionMask = 2147483647;
			files = (
			);
			runOnlyForDeploymentPostprocessing = 0;
		};
/* End PBXResourcesBuildPhase section */

/* Begin PBXSourcesBuildPhase section */
		F49EF1F6247E13AC0001F968 /* Sources */ = {
			isa = PBXSourcesBuildPhase;
			buildActionMask = 2147483647;
			files = (
				F49EF1FE247E13AC0001F968 /* AppDelegate.swift in Sources */,
				F49EF220247E16780001F968 /* KeyboardView.swift in Sources */,
				F481083824896F9900AE2FDA /* ArithmeticBaseListener.swift in Sources */,
				F49EF200247E13AC0001F968 /* SceneDelegate.swift in Sources */,
				F4810843248AEB2300AE2FDA /* ArithmeticParserWrapper.swift in Sources */,
				F4810847248C098300AE2FDA /* RuntimeError.swift in Sources */,
				F49EF225247FAE670001F968 /* KeyboardStream.swift in Sources */,
				F481083A24896F9900AE2FDA /* ArithmeticLexerATN.swift in Sources */,
				F481083B24896F9900AE2FDA /* ArithmeticLexer.swift in Sources */,
				F481083E24896F9900AE2FDA /* ArithmeticListener.swift in Sources */,
				F48108252488396E00AE2FDA /* Interpreter.swift in Sources */,
				F481082924883B2900AE2FDA /* VirtualMachine.swift in Sources */,
				F49EF223247FA40C0001F968 /* Grid.swift in Sources */,
				F48108272488398200AE2FDA /* Instruction.swift in Sources */,
				F49EF202247E13AC0001F968 /* ContentView.swift in Sources */,
				F481083F24896F9900AE2FDA /* ArithmeticParser.swift in Sources */,
				F481083C24896F9900AE2FDA /* ArithmeticParserATN.swift in Sources */,
			);
			runOnlyForDeploymentPostprocessing = 0;
		};
		F49EF20C247E13B00001F968 /* Sources */ = {
			isa = PBXSourcesBuildPhase;
			buildActionMask = 2147483647;
			files = (
				F49EF215247E13B00001F968 /* CalculatorTests.swift in Sources */,
			);
			runOnlyForDeploymentPostprocessing = 0;
		};
/* End PBXSourcesBuildPhase section */

/* Begin PBXTargetDependency section */
		F49EF212247E13B00001F968 /* PBXTargetDependency */ = {
			isa = PBXTargetDependency;
			target = F49EF1F9247E13AC0001F968 /* Calculator */;
			targetProxy = F49EF211247E13B00001F968 /* PBXContainerItemProxy */;
		};
/* End PBXTargetDependency section */

/* Begin PBXVariantGroup section */
		F49EF208247E13AF0001F968 /* LaunchScreen.storyboard */ = {
			isa = PBXVariantGroup;
			children = (
				F49EF209247E13AF0001F968 /* Base */,
			);
			name = LaunchScreen.storyboard;
			sourceTree = "<group>";
		};
/* End PBXVariantGroup section */

/* Begin XCBuildConfiguration section */
		F49EF217247E13B00001F968 /* Debug */ = {
			isa = XCBuildConfiguration;
			buildSettings = {
				ALWAYS_SEARCH_USER_PATHS = NO;
				CLANG_ANALYZER_NONNULL = YES;
				CLANG_ANALYZER_NUMBER_OBJECT_CONVERSION = YES_AGGRESSIVE;
				CLANG_CXX_LANGUAGE_STANDARD = "gnu++14";
				CLANG_CXX_LIBRARY = "libc++";
				CLANG_ENABLE_MODULES = YES;
				CLANG_ENABLE_OBJC_ARC = YES;
				CLANG_ENABLE_OBJC_WEAK = YES;
				CLANG_WARN_BLOCK_CAPTURE_AUTORELEASING = YES;
				CLANG_WARN_BOOL_CONVERSION = YES;
				CLANG_WARN_COMMA = YES;
				CLANG_WARN_CONSTANT_CONVERSION = YES;
				CLANG_WARN_DEPRECATED_OBJC_IMPLEMENTATIONS = YES;
				CLANG_WARN_DIRECT_OBJC_ISA_USAGE = YES_ERROR;
				CLANG_WARN_DOCUMENTATION_COMMENTS = YES;
				CLANG_WARN_EMPTY_BODY = YES;
				CLANG_WARN_ENUM_CONVERSION = YES;
				CLANG_WARN_INFINITE_RECURSION = YES;
				CLANG_WARN_INT_CONVERSION = YES;
				CLANG_WARN_NON_LITERAL_NULL_CONVERSION = YES;
				CLANG_WARN_OBJC_IMPLICIT_RETAIN_SELF = YES;
				CLANG_WARN_OBJC_LITERAL_CONVERSION = YES;
				CLANG_WARN_OBJC_ROOT_CLASS = YES_ERROR;
				CLANG_WARN_RANGE_LOOP_ANALYSIS = YES;
				CLANG_WARN_STRICT_PROTOTYPES = YES;
				CLANG_WARN_SUSPICIOUS_MOVE = YES;
				CLANG_WARN_UNGUARDED_AVAILABILITY = YES_AGGRESSIVE;
				CLANG_WARN_UNREACHABLE_CODE = YES;
				CLANG_WARN__DUPLICATE_METHOD_MATCH = YES;
				COPY_PHASE_STRIP = NO;
				DEBUG_INFORMATION_FORMAT = dwarf;
				ENABLE_STRICT_OBJC_MSGSEND = YES;
				ENABLE_TESTABILITY = YES;
				GCC_C_LANGUAGE_STANDARD = gnu11;
				GCC_DYNAMIC_NO_PIC = NO;
				GCC_NO_COMMON_BLOCKS = YES;
				GCC_OPTIMIZATION_LEVEL = 0;
				GCC_PREPROCESSOR_DEFINITIONS = (
					"DEBUG=1",
					"$(inherited)",
				);
				GCC_WARN_64_TO_32_BIT_CONVERSION = YES;
				GCC_WARN_ABOUT_RETURN_TYPE = YES_ERROR;
				GCC_WARN_UNDECLARED_SELECTOR = YES;
				GCC_WARN_UNINITIALIZED_AUTOS = YES_AGGRESSIVE;
				GCC_WARN_UNUSED_FUNCTION = YES;
				GCC_WARN_UNUSED_VARIABLE = YES;
				IPHONEOS_DEPLOYMENT_TARGET = 13.5;
				MTL_ENABLE_DEBUG_INFO = INCLUDE_SOURCE;
				MTL_FAST_MATH = YES;
				ONLY_ACTIVE_ARCH = YES;
				SDKROOT = iphoneos;
				SWIFT_ACTIVE_COMPILATION_CONDITIONS = DEBUG;
				SWIFT_OPTIMIZATION_LEVEL = "-Onone";
			};
			name = Debug;
		};
		F49EF218247E13B00001F968 /* Release */ = {
			isa = XCBuildConfiguration;
			buildSettings = {
				ALWAYS_SEARCH_USER_PATHS = NO;
				CLANG_ANALYZER_NONNULL = YES;
				CLANG_ANALYZER_NUMBER_OBJECT_CONVERSION = YES_AGGRESSIVE;
				CLANG_CXX_LANGUAGE_STANDARD = "gnu++14";
				CLANG_CXX_LIBRARY = "libc++";
				CLANG_ENABLE_MODULES = YES;
				CLANG_ENABLE_OBJC_ARC = YES;
				CLANG_ENABLE_OBJC_WEAK = YES;
				CLANG_WARN_BLOCK_CAPTURE_AUTORELEASING = YES;
				CLANG_WARN_BOOL_CONVERSION = YES;
				CLANG_WARN_COMMA = YES;
				CLANG_WARN_CONSTANT_CONVERSION = YES;
				CLANG_WARN_DEPRECATED_OBJC_IMPLEMENTATIONS = YES;
				CLANG_WARN_DIRECT_OBJC_ISA_USAGE = YES_ERROR;
				CLANG_WARN_DOCUMENTATION_COMMENTS = YES;
				CLANG_WARN_EMPTY_BODY = YES;
				CLANG_WARN_ENUM_CONVERSION = YES;
				CLANG_WARN_INFINITE_RECURSION = YES;
				CLANG_WARN_INT_CONVERSION = YES;
				CLANG_WARN_NON_LITERAL_NULL_CONVERSION = YES;
				CLANG_WARN_OBJC_IMPLICIT_RETAIN_SELF = YES;
				CLANG_WARN_OBJC_LITERAL_CONVERSION = YES;
				CLANG_WARN_OBJC_ROOT_CLASS = YES_ERROR;
				CLANG_WARN_RANGE_LOOP_ANALYSIS = YES;
				CLANG_WARN_STRICT_PROTOTYPES = YES;
				CLANG_WARN_SUSPICIOUS_MOVE = YES;
				CLANG_WARN_UNGUARDED_AVAILABILITY = YES_AGGRESSIVE;
				CLANG_WARN_UNREACHABLE_CODE = YES;
				CLANG_WARN__DUPLICATE_METHOD_MATCH = YES;
				COPY_PHASE_STRIP = NO;
				DEBUG_INFORMATION_FORMAT = "dwarf-with-dsym";
				ENABLE_NS_ASSERTIONS = NO;
				ENABLE_STRICT_OBJC_MSGSEND = YES;
				GCC_C_LANGUAGE_STANDARD = gnu11;
				GCC_NO_COMMON_BLOCKS = YES;
				GCC_WARN_64_TO_32_BIT_CONVERSION = YES;
				GCC_WARN_ABOUT_RETURN_TYPE = YES_ERROR;
				GCC_WARN_UNDECLARED_SELECTOR = YES;
				GCC_WARN_UNINITIALIZED_AUTOS = YES_AGGRESSIVE;
				GCC_WARN_UNUSED_FUNCTION = YES;
				GCC_WARN_UNUSED_VARIABLE = YES;
				IPHONEOS_DEPLOYMENT_TARGET = 13.5;
				MTL_ENABLE_DEBUG_INFO = NO;
				MTL_FAST_MATH = YES;
				SDKROOT = iphoneos;
				SWIFT_COMPILATION_MODE = wholemodule;
				SWIFT_OPTIMIZATION_LEVEL = "-O";
				VALIDATE_PRODUCT = YES;
			};
			name = Release;
		};
		F49EF21A247E13B00001F968 /* Debug */ = {
			isa = XCBuildConfiguration;
			buildSettings = {
				ASSETCATALOG_COMPILER_APPICON_NAME = AppIcon;
				CODE_SIGN_STYLE = Automatic;
				DEVELOPMENT_ASSET_PATHS = "\"Calculator/Preview Content\"";
				DEVELOPMENT_TEAM = UEQ8YHF529;
				ENABLE_PREVIEWS = YES;
				INFOPLIST_FILE = Calculator/Info.plist;
				LD_RUNPATH_SEARCH_PATHS = (
					"$(inherited)",
					"@executable_path/Frameworks",
				);
				PRODUCT_BUNDLE_IDENTIFIER = org.danokhin.Calculator;
				PRODUCT_NAME = "$(TARGET_NAME)";
				SWIFT_VERSION = 5.0;
				TARGETED_DEVICE_FAMILY = "1,2";
			};
			name = Debug;
		};
		F49EF21B247E13B00001F968 /* Release */ = {
			isa = XCBuildConfiguration;
			buildSettings = {
				ASSETCATALOG_COMPILER_APPICON_NAME = AppIcon;
				CODE_SIGN_STYLE = Automatic;
				DEVELOPMENT_ASSET_PATHS = "\"Calculator/Preview Content\"";
				DEVELOPMENT_TEAM = UEQ8YHF529;
				ENABLE_PREVIEWS = YES;
				INFOPLIST_FILE = Calculator/Info.plist;
				LD_RUNPATH_SEARCH_PATHS = (
					"$(inherited)",
					"@executable_path/Frameworks",
				);
				PRODUCT_BUNDLE_IDENTIFIER = org.danokhin.Calculator;
				PRODUCT_NAME = "$(TARGET_NAME)";
				SWIFT_VERSION = 5.0;
				TARGETED_DEVICE_FAMILY = "1,2";
			};
			name = Release;
		};
		F49EF21D247E13B00001F968 /* Debug */ = {
			isa = XCBuildConfiguration;
			buildSettings = {
				ALWAYS_EMBED_SWIFT_STANDARD_LIBRARIES = YES;
				BUNDLE_LOADER = "$(TEST_HOST)";
				CODE_SIGN_STYLE = Automatic;
				DEVELOPMENT_TEAM = UEQ8YHF529;
				INFOPLIST_FILE = CalculatorTests/Info.plist;
				IPHONEOS_DEPLOYMENT_TARGET = 13.5;
				LD_RUNPATH_SEARCH_PATHS = (
					"$(inherited)",
					"@executable_path/Frameworks",
					"@loader_path/Frameworks",
				);
				PRODUCT_BUNDLE_IDENTIFIER = org.danokhin.CalculatorTests;
				PRODUCT_NAME = "$(TARGET_NAME)";
				SWIFT_VERSION = 5.0;
				TARGETED_DEVICE_FAMILY = "1,2";
				TEST_HOST = "$(BUILT_PRODUCTS_DIR)/Calculator.app/Calculator";
			};
			name = Debug;
		};
		F49EF21E247E13B00001F968 /* Release */ = {
			isa = XCBuildConfiguration;
			buildSettings = {
				ALWAYS_EMBED_SWIFT_STANDARD_LIBRARIES = YES;
				BUNDLE_LOADER = "$(TEST_HOST)";
				CODE_SIGN_STYLE = Automatic;
				DEVELOPMENT_TEAM = UEQ8YHF529;
				INFOPLIST_FILE = CalculatorTests/Info.plist;
				IPHONEOS_DEPLOYMENT_TARGET = 13.5;
				LD_RUNPATH_SEARCH_PATHS = (
					"$(inherited)",
					"@executable_path/Frameworks",
					"@loader_path/Frameworks",
				);
				PRODUCT_BUNDLE_IDENTIFIER = org.danokhin.CalculatorTests;
				PRODUCT_NAME = "$(TARGET_NAME)";
				SWIFT_VERSION = 5.0;
				TARGETED_DEVICE_FAMILY = "1,2";
				TEST_HOST = "$(BUILT_PRODUCTS_DIR)/Calculator.app/Calculator";
			};
			name = Release;
		};
/* End XCBuildConfiguration section */

/* Begin XCConfigurationList section */
		F49EF1F5247E13AC0001F968 /* Build configuration list for PBXProject "Calculator" */ = {
			isa = XCConfigurationList;
			buildConfigurations = (
				F49EF217247E13B00001F968 /* Debug */,
				F49EF218247E13B00001F968 /* Release */,
			);
			defaultConfigurationIsVisible = 0;
			defaultConfigurationName = Release;
		};
		F49EF219247E13B00001F968 /* Build configuration list for PBXNativeTarget "Calculator" */ = {
			isa = XCConfigurationList;
			buildConfigurations = (
				F49EF21A247E13B00001F968 /* Debug */,
				F49EF21B247E13B00001F968 /* Release */,
			);
			defaultConfigurationIsVisible = 0;
			defaultConfigurationName = Release;
		};
		F49EF21C247E13B00001F968 /* Build configuration list for PBXNativeTarget "CalculatorTests" */ = {
			isa = XCConfigurationList;
			buildConfigurations = (
				F49EF21D247E13B00001F968 /* Debug */,
				F49EF21E247E13B00001F968 /* Release */,
			);
			defaultConfigurationIsVisible = 0;
			defaultConfigurationName = Release;
		};
/* End XCConfigurationList section */

/* Begin XCRemoteSwiftPackageReference section */
		F48E45D22480FBF0008D58C3 /* XCRemoteSwiftPackageReference "Antlr4" */ = {
			isa = XCRemoteSwiftPackageReference;
			repositoryURL = "file:./../Antlr4";
			requirement = {
				kind = upToNextMajorVersion;
				minimumVersion = 4.0.0;
			};
		};
/* End XCRemoteSwiftPackageReference section */

/* Begin XCSwiftPackageProductDependency section */
		F48E45D32480FBF0008D58C3 /* Antlr4 */ = {
			isa = XCSwiftPackageProductDependency;
			package = F48E45D22480FBF0008D58C3 /* XCRemoteSwiftPackageReference "Antlr4" */;
			productName = Antlr4;
		};
/* End XCSwiftPackageProductDependency section */
	};
	rootObject = F49EF1F2247E13AC0001F968 /* Project object */;
}
